
Microsoft Visual Studio Solution File, Format Version 12.00
# Visual Studio Version 17
VisualStudioVersion = 17.0.32112.339
MinimumVisualStudioVersion = 10.0.40219.1
Project("{FAE04EC0-301F-11D3-BF4B-00C04F79EFBC}") = "HelloWorld", "HelloWorld\HelloWorld.csproj", "{1FC7A8CC-699B-4A80-8EEA-C23D4807BA50}"
EndProject
Global
	GlobalSection(SolutionConfigurationPlatforms) = preSolution
		Debug|Any CPU = Debug|Any CPU
		Release|Any CPU = Release|Any CPU
	EndGlobalSection
	GlobalSection(ProjectConfigurationPlatforms) = postSolution
		{1FC7A8CC-699B-4A80-8EEA-C23D4807BA50}.Debug|Any CPU.ActiveCfg = Debug|Any CPU
		{1FC7A8CC-699B-4A80-8EEA-C23D4807BA50}.Debug|Any CPU.Build.0 = Debug|Any CPU
		{1FC7A8CC-699B-4A80-8EEA-C23D4807BA50}.Release|Any CPU.ActiveCfg = Release|Any CPU
		{1FC7A8CC-699B-4A80-8EEA-C23D4807BA50}.Release|Any CPU.Build.0 = Release|Any CPU
	EndGlobalSection
	GlobalSection(SolutionProperties) = preSolution
		HideSolutionNode = FALSE
	EndGlobalSection
	GlobalSection(ExtensibilityGlobals) = postSolution
		SolutionGuid = {72366769-A52C-48EE-AC62-A5E58A092792}
	EndGlobalSection
EndGlobal
